{
    "_readme": [
        "This file locks the dependencies of your project to a known state",
        "Read more about it at https://getcomposer.org/doc/01-basic-usage.md#installing-dependencies",
        "This file is @generated automatically"
    ],
    "content-hash": "9240811b21d51535122c70c696488c66",
    "packages": [
        {
            "name": "paynl/sdk",
            "version": "1.6.7",
            "source": {
                "type": "git",
                "url": "https://github.com/paynl/sdk.git",
                "reference": "03c21abadb382676fdc0c1d488712ae1a50e4fde"
            },
            "dist": {
                "type": "zip",
                "url": "https://api.github.com/repos/paynl/sdk/zipball/03c21abadb382676fdc0c1d488712ae1a50e4fde",
                "reference": "03c21abadb382676fdc0c1d488712ae1a50e4fde",
                "shasum": ""
            },
            "require": {
                "ext-curl": "*",
                "ext-json": "*",
                "php-curl-class/php-curl-class": "^8.3||^9.0"
            },
            "require-dev": {
                "php-coveralls/php-coveralls": "^1.0",
                "phpunit/phpunit": "^4.8"
            },
            "suggest": {
                "ext-simplexml": "*"
            },
            "type": "library",
            "autoload": {
                "psr-4": {
                    "Paynl\\": "src/"
                }
            },
            "notification-url": "https://packagist.org/downloads/",
            "license": [
                "MIT"
            ],
            "authors": [
                {
                    "name": "Andy Pieters",
                    "email": "andy@pay.nl"
                }
            ],
            "support": {
                "issues": "https://github.com/paynl/sdk/issues",
                "source": "https://github.com/paynl/sdk/tree/v1.6.7"
            },
            "time": "2023-11-13T15:33:10+00:00"
        },
        {
            "name": "php-curl-class/php-curl-class",
            "version": "9.19.2",
            "source": {
                "type": "git",
                "url": "https://github.com/php-curl-class/php-curl-class.git",
                "reference": "c41efeb4ea2dc3cf8f90f8f967b0fcf45a41e294"
            },
            "dist": {
                "type": "zip",
                "url": "https://api.github.com/repos/php-curl-class/php-curl-class/zipball/c41efeb4ea2dc3cf8f90f8f967b0fcf45a41e294",
                "reference": "c41efeb4ea2dc3cf8f90f8f967b0fcf45a41e294",
                "shasum": ""
            },
            "require": {
                "ext-curl": "*",
                "php": ">=7.0"
            },
            "require-dev": {
                "dealerdirect/phpcodesniffer-composer-installer": "*",
                "ext-gd": "*",
                "friendsofphp/php-cs-fixer": "*",
                "phpcompatibility/php-compatibility": "dev-develop",
                "phpcsstandards/phpcsutils": "@alpha",
                "phpunit/phpunit": "*",
                "squizlabs/php_codesniffer": "*",
                "vimeo/psalm": ">=0.3.63"
            },
            "suggest": {
                "ext-mbstring": "*"
            },
            "type": "library",
            "autoload": {
                "psr-4": {
                    "Curl\\": "src/Curl/"
                }
            },
            "notification-url": "https://packagist.org/downloads/",
            "license": [
                "Unlicense"
            ],
            "authors": [
                {
                    "name": "Zach Borboa"
                },
                {
                    "name": "Contributors",
                    "homepage": "https://github.com/php-curl-class/php-curl-class/graphs/contributors"
                }
            ],
            "description": "PHP Curl Class makes it easy to send HTTP requests and integrate with web APIs.",
            "homepage": "https://github.com/php-curl-class/php-curl-class",
            "keywords": [
                "API-Client",
                "api",
                "class",
                "client",
                "curl",
                "framework",
                "http",
                "http-client",
                "http-proxy",
                "json",
                "php",
                "php-curl",
                "php-curl-library",
                "proxy",
                "requests",
                "restful",
                "web-scraper",
                "web-scraping ",
                "web-service",
                "xml"
            ],
            "support": {
                "issues": "https://github.com/php-curl-class/php-curl-class/issues",
                "source": "https://github.com/php-curl-class/php-curl-class/tree/9.19.2"
            },
            "time": "2024-04-09T18:03:13+00:00"
        }
    ],
    "packages-dev": [],
    "aliases": [],
    "minimum-stability": "stable",
    "stability-flags": [],
    "prefer-stable": false,
    "prefer-lowest": false,
    "platform": {
        "php": ">=5.3.2"
    },
    "platform-dev": [],
    "plugin-api-version": "2.3.0"
}
