{
    "_readme": [
        "This file locks the dependencies of your project to a known state",
        "Read more about it at https://getcomposer.org/doc/01-basic-usage.md#composer-lock-the-lock-file",
        "This file is @generated automatically"
    ],
    "content-hash": "9240811b21d51535122c70c696488c66",
    "packages": [
        {
            "name": "paynl/sdk",
            "version": "v1.5.6",
            "source": {
                "type": "git",
                "url": "https://github.com/paynl/sdk.git",
                "reference": "bf8b879114084d2d6445ae1a7ab83b06cf06088a"
            },
            "dist": {
                "type": "zip",
                "url": "https://api.github.com/repos/paynl/sdk/zipball/bf8b879114084d2d6445ae1a7ab83b06cf06088a",
                "reference": "bf8b879114084d2d6445ae1a7ab83b06cf06088a",
                "shasum": ""
            },
            "require": {
                "ext-json": "*",
                "php-curl-class/php-curl-class": "^8.3"
            },
            "require-dev": {
                "phpunit/phpunit": "^4.8",
                "satooshi/php-coveralls": "~1.0"
            },
            "type": "library",
            "autoload": {
                "psr-4": {
                    "Paynl\\": "src/"
                }
            },
            "notification-url": "https://packagist.org/downloads/",
            "authors": [
                {
                    "name": "Andy Pieters",
                    "email": "andy@pay.nl"
                }
            ],
            "time": "2018-10-18T10:33:14+00:00"
        },
        {
            "name": "php-curl-class/php-curl-class",
            "version": "8.3.3",
            "source": {
                "type": "git",
                "url": "https://github.com/php-curl-class/php-curl-class.git",
                "reference": "8f0a52bb17b444bf41c8c7e6953e6077e9158494"
            },
            "dist": {
                "type": "zip",
                "url": "https://api.github.com/repos/php-curl-class/php-curl-class/zipball/8f0a52bb17b444bf41c8c7e6953e6077e9158494",
                "reference": "8f0a52bb17b444bf41c8c7e6953e6077e9158494",
                "shasum": ""
            },
            "require": {
                "ext-curl": "*",
                "ext-mbstring": "*",
                "php": ">=5.3"
            },
            "require-dev": {
                "ext-gd": "*",
                "phpunit/phpunit": "*",
                "squizlabs/php_codesniffer": "*"
            },
            "type": "library",
            "autoload": {
                "psr-4": {
                    "Curl\\": "src/Curl/"
                }
            },
            "notification-url": "https://packagist.org/downloads/",
            "license": [
                "Unlicense"
            ],
            "authors": [
                {
                    "name": "Zach Borboa"
                }
            ],
            "description": "PHP Curl Class makes it easy to send HTTP requests and integrate with web APIs.",
            "homepage": "https://github.com/php-curl-class/php-curl-class",
            "keywords": [
                "API-Client",
                "api",
                "class",
                "client",
                "curl",
                "framework",
                "http",
                "http-client",
                "http-proxy",
                "json",
                "php",
                "php-curl",
                "php-curl-library",
                "proxy",
                "requests",
                "restful",
                "web-scraper",
                "web-scraping ",
                "web-service",
                "xml"
            ],
            "time": "2018-11-14T07:02:19+00:00"
        }
    ],
    "packages-dev": [],
    "aliases": [],
    "minimum-stability": "stable",
    "stability-flags": [],
    "prefer-stable": false,
    "prefer-lowest": false,
    "platform": {
        "php": ">=5.3.2"
    },
    "platform-dev": []
}
